// !$*UTF8*$!
{
	archiveVersion = 1;
	classes = {
	};
	objectVersion = 46;
	objects = {

/* Begin PBXBuildFile section */
		0DF301421CDE91EC004B5B15 /* Base.dylib in Frameworks */ = {isa = PBXBuildFile; fileRef = "_____Product_Base" /* Base.dylib */; };
		0DF301431CDE91EC004B5B15 /* Base.dylib in Frameworks */ = {isa = PBXBuildFile; fileRef = "_____Product_Base" /* Base.dylib */; };
		0DF301441CDE91EC004B5B15 /* Base.dylib in Frameworks */ = {isa = PBXBuildFile; fileRef = "_____Product_Base" /* Base.dylib */; };
		0DF301451CDE91EC004B5B15 /* Base.dylib in Frameworks */ = {isa = PBXBuildFile; fileRef = "_____Product_Base" /* Base.dylib */; };
		0DF301461CDE91EC004B5B15 /* Network.dylib in Frameworks */ = {isa = PBXBuildFile; fileRef = "_____Product_Network" /* Network.dylib */; };
		0DF301471CDE91EC004B5B15 /* Template.dylib in Frameworks */ = {isa = PBXBuildFile; fileRef = "_____Product_Template" /* Template.dylib */; };
		0DF301481CDE91EC004B5B15 /* Base.dylib in Frameworks */ = {isa = PBXBuildFile; fileRef = "_____Product_Base" /* Base.dylib */; };
		0DF301491CDE91EC004B5B15 /* Database.dylib in Frameworks */ = {isa = PBXBuildFile; fileRef = "_____Product_Database" /* Database.dylib */; };
		0DF3014A1CDE91EC004B5B15 /* Template.dylib in Frameworks */ = {isa = PBXBuildFile; fileRef = "_____Product_Template" /* Template.dylib */; };
		_LinkFileRef_Base /* Base.dylib in Frameworks */ = {isa = PBXBuildFile; fileRef = "_____Product_Base" /* Base.dylib */; };
		_LinkFileRef_Database /* Database.dylib in Frameworks */ = {isa = PBXBuildFile; fileRef = "_____Product_Database" /* Database.dylib */; };
		_LinkFileRef_Http /* Http.dylib in Frameworks */ = {isa = PBXBuildFile; fileRef = "_____Product_Http" /* Http.dylib */; };
		_LinkFileRef_Network /* Network.dylib in Frameworks */ = {isa = PBXBuildFile; fileRef = "_____Product_Network" /* Network.dylib */; };
		_LinkFileRef_Template /* Template.dylib in Frameworks */ = {isa = PBXBuildFile; fileRef = "_____Product_Template" /* Template.dylib */; };
		__src_cc_ref_Sources/Base/JSON.swift /* JSON.swift in Sources */ = {isa = PBXBuildFile; fileRef = __PBXFileRef_Sources/Base/JSON.swift /* JSON.swift */; };
		__src_cc_ref_Sources/Base/Settings.swift /* Settings.swift in Sources */ = {isa = PBXBuildFile; fileRef = __PBXFileRef_Sources/Base/Settings.swift /* Settings.swift */; };
		__src_cc_ref_Sources/Base/StringExtension.swift /* StringExtension.swift in Sources */ = {isa = PBXBuildFile; fileRef = __PBXFileRef_Sources/Base/StringExtension.swift /* StringExtension.swift */; };
		__src_cc_ref_Sources/Database/Database.swift /* Database.swift in Sources */ = {isa = PBXBuildFile; fileRef = __PBXFileRef_Sources/Database/Database.swift /* Database.swift */; };
		__src_cc_ref_Sources/Database/Model.swift /* Model.swift in Sources */ = {isa = PBXBuildFile; fileRef = __PBXFileRef_Sources/Database/Model.swift /* Model.swift */; };
		__src_cc_ref_Sources/Database/SQLiteDatabase.swift /* SQLiteDatabase.swift in Sources */ = {isa = PBXBuildFile; fileRef = __PBXFileRef_Sources/Database/SQLiteDatabase.swift /* SQLiteDatabase.swift */; };
		__src_cc_ref_Sources/EagleServer/BlogResponder.swift /* BlogResponder.swift in Sources */ = {isa = PBXBuildFile; fileRef = __PBXFileRef_Sources/EagleServer/BlogResponder.swift /* BlogResponder.swift */; };
		__src_cc_ref_Sources/EagleServer/main.swift /* main.swift in Sources */ = {isa = PBXBuildFile; fileRef = __PBXFileRef_Sources/EagleServer/main.swift /* main.swift */; };
		__src_cc_ref_Sources/EagleTests/JSONTests.swift /* JSONTests.swift in Sources */ = {isa = PBXBuildFile; fileRef = __PBXFileRef_Sources/EagleTests/JSONTests.swift /* JSONTests.swift */; };
		__src_cc_ref_Sources/EagleTests/ModelTests.swift /* ModelTests.swift in Sources */ = {isa = PBXBuildFile; fileRef = __PBXFileRef_Sources/EagleTests/ModelTests.swift /* ModelTests.swift */; };
		__src_cc_ref_Sources/EagleTests/SQLiteDatabaseTests.swift /* SQLiteDatabaseTests.swift in Sources */ = {isa = PBXBuildFile; fileRef = __PBXFileRef_Sources/EagleTests/SQLiteDatabaseTests.swift /* SQLiteDatabaseTests.swift */; };
		__src_cc_ref_Sources/EagleTests/StringExtensionTests.swift /* StringExtensionTests.swift in Sources */ = {isa = PBXBuildFile; fileRef = __PBXFileRef_Sources/EagleTests/StringExtensionTests.swift /* StringExtensionTests.swift */; };
		__src_cc_ref_Sources/EagleTests/TemplateTests.swift /* TemplateTests.swift in Sources */ = {isa = PBXBuildFile; fileRef = __PBXFileRef_Sources/EagleTests/TemplateTests.swift /* TemplateTests.swift */; };
		__src_cc_ref_Sources/EagleTests/TemplateTokenizerTests.swift /* TemplateTokenizerTests.swift in Sources */ = {isa = PBXBuildFile; fileRef = __PBXFileRef_Sources/EagleTests/TemplateTokenizerTests.swift /* TemplateTokenizerTests.swift */; };
		__src_cc_ref_Sources/EagleTests/TestCase.swift /* TestCase.swift in Sources */ = {isa = PBXBuildFile; fileRef = __PBXFileRef_Sources/EagleTests/TestCase.swift /* TestCase.swift */; };
		__src_cc_ref_Sources/EagleTests/main.swift /* main.swift in Sources */ = {isa = PBXBuildFile; fileRef = __PBXFileRef_Sources/EagleTests/main.swift /* main.swift */; };
		__src_cc_ref_Sources/Http/ContentType.swift /* ContentType.swift in Sources */ = {isa = PBXBuildFile; fileRef = __PBXFileRef_Sources/Http/ContentType.swift /* ContentType.swift */; };
		__src_cc_ref_Sources/Http/FileResponder.swift /* FileResponder.swift in Sources */ = {isa = PBXBuildFile; fileRef = __PBXFileRef_Sources/Http/FileResponder.swift /* FileResponder.swift */; };
		__src_cc_ref_Sources/Http/HttpConnection.swift /* HttpConnection.swift in Sources */ = {isa = PBXBuildFile; fileRef = __PBXFileRef_Sources/Http/HttpConnection.swift /* HttpConnection.swift */; };
		__src_cc_ref_Sources/Http/HttpRequest.swift /* HttpRequest.swift in Sources */ = {isa = PBXBuildFile; fileRef = __PBXFileRef_Sources/Http/HttpRequest.swift /* HttpRequest.swift */; };
		__src_cc_ref_Sources/Http/HttpResponse.swift /* HttpResponse.swift in Sources */ = {isa = PBXBuildFile; fileRef = __PBXFileRef_Sources/Http/HttpResponse.swift /* HttpResponse.swift */; };
		__src_cc_ref_Sources/Http/HttpServer.swift /* HttpServer.swift in Sources */ = {isa = PBXBuildFile; fileRef = __PBXFileRef_Sources/Http/HttpServer.swift /* HttpServer.swift */; };
		__src_cc_ref_Sources/Http/Responder.swift /* Responder.swift in Sources */ = {isa = PBXBuildFile; fileRef = __PBXFileRef_Sources/Http/Responder.swift /* Responder.swift */; };
		__src_cc_ref_Sources/Http/ResponderRegistry.swift /* ResponderRegistry.swift in Sources */ = {isa = PBXBuildFile; fileRef = __PBXFileRef_Sources/Http/ResponderRegistry.swift /* ResponderRegistry.swift */; };
		__src_cc_ref_Sources/Network/Address.swift /* Address.swift in Sources */ = {isa = PBXBuildFile; fileRef = __PBXFileRef_Sources/Network/Address.swift /* Address.swift */; };
		__src_cc_ref_Sources/Network/Endpoint.swift /* Endpoint.swift in Sources */ = {isa = PBXBuildFile; fileRef = __PBXFileRef_Sources/Network/Endpoint.swift /* Endpoint.swift */; };
		__src_cc_ref_Sources/Network/Server.swift /* Server.swift in Sources */ = {isa = PBXBuildFile; fileRef = __PBXFileRef_Sources/Network/Server.swift /* Server.swift */; };
		__src_cc_ref_Sources/Network/ServerConnection.swift /* ServerConnection.swift in Sources */ = {isa = PBXBuildFile; fileRef = __PBXFileRef_Sources/Network/ServerConnection.swift /* ServerConnection.swift */; };
		__src_cc_ref_Sources/Network/ServerUtil.swift /* ServerUtil.swift in Sources */ = {isa = PBXBuildFile; fileRef = __PBXFileRef_Sources/Network/ServerUtil.swift /* ServerUtil.swift */; };
		__src_cc_ref_Sources/Template/Template.swift /* Template.swift in Sources */ = {isa = PBXBuildFile; fileRef = __PBXFileRef_Sources/Template/Template.swift /* Template.swift */; };
		__src_cc_ref_Sources/Template/TemplateExpressionNode.swift /* TemplateExpressionNode.swift in Sources */ = {isa = PBXBuildFile; fileRef = __PBXFileRef_Sources/Template/TemplateExpressionNode.swift /* TemplateExpressionNode.swift */; };
		__src_cc_ref_Sources/Template/TemplateNode.swift /* TemplateNode.swift in Sources */ = {isa = PBXBuildFile; fileRef = __PBXFileRef_Sources/Template/TemplateNode.swift /* TemplateNode.swift */; };
		__src_cc_ref_Sources/Template/TemplateParser.swift /* TemplateParser.swift in Sources */ = {isa = PBXBuildFile; fileRef = __PBXFileRef_Sources/Template/TemplateParser.swift /* TemplateParser.swift */; };
		__src_cc_ref_Sources/Template/TemplateTextNode.swift /* TemplateTextNode.swift in Sources */ = {isa = PBXBuildFile; fileRef = __PBXFileRef_Sources/Template/TemplateTextNode.swift /* TemplateTextNode.swift */; };
		__src_cc_ref_Sources/Template/TemplateTokenizer.swift /* TemplateTokenizer.swift in Sources */ = {isa = PBXBuildFile; fileRef = __PBXFileRef_Sources/Template/TemplateTokenizer.swift /* TemplateTokenizer.swift */; };
/* End PBXBuildFile section */

/* Begin PBXContainerItemProxy section */
		0DF3014B1CDE91EF004B5B15 /* PBXContainerItemProxy */ = {
			isa = PBXContainerItemProxy;
			containerPortal = __RootObject_ /* Project object */;
			proxyType = 1;
			remoteGlobalIDString = "______Target_Base";
			remoteInfo = Base;
		};
		0DF3014C1CDE91EF004B5B15 /* PBXContainerItemProxy */ = {
			isa = PBXContainerItemProxy;
			containerPortal = __RootObject_ /* Project object */;
			proxyType = 1;
			remoteGlobalIDString = "______Target_Network";
			remoteInfo = Network;
		};
		0DF3014D1CDE91EF004B5B15 /* PBXContainerItemProxy */ = {
			isa = PBXContainerItemProxy;
			containerPortal = __RootObject_ /* Project object */;
			proxyType = 1;
			remoteGlobalIDString = "______Target_Template";
			remoteInfo = Template;
		};
		0DF3014E1CDE91EF004B5B15 /* PBXContainerItemProxy */ = {
			isa = PBXContainerItemProxy;
			containerPortal = __RootObject_ /* Project object */;
			proxyType = 1;
			remoteGlobalIDString = "______Target_Database";
			remoteInfo = Database;
		};
		0DF3014F1CDE91EF004B5B15 /* PBXContainerItemProxy */ = {
			isa = PBXContainerItemProxy;
			containerPortal = __RootObject_ /* Project object */;
			proxyType = 1;
			remoteGlobalIDString = "______Target_Http";
			remoteInfo = Http;
		};
/* End PBXContainerItemProxy section */

/* Begin PBXFileReference section */
		__PBXFileRef_EagleFramework.xcodeproj/Configs/Project.xcconfig /* Project.xcconfig */ = {isa = PBXFileReference; lastKnownFileType = text.xcconfig; name = Project.xcconfig; path = EagleFramework.xcodeproj/Configs/Project.xcconfig; sourceTree = "<group>"; };
		__PBXFileRef_Package.swift /* Package.swift */ = {isa = PBXFileReference; lastKnownFileType = sourcecode.swift; path = Package.swift; sourceTree = "<group>"; };
		__PBXFileRef_Sources/Base/JSON.swift /* JSON.swift */ = {isa = PBXFileReference; lastKnownFileType = sourcecode.swift; path = JSON.swift; sourceTree = "<group>"; };
		__PBXFileRef_Sources/Base/Settings.swift /* Settings.swift */ = {isa = PBXFileReference; lastKnownFileType = sourcecode.swift; path = Settings.swift; sourceTree = "<group>"; };
		__PBXFileRef_Sources/Base/StringExtension.swift /* StringExtension.swift */ = {isa = PBXFileReference; lastKnownFileType = sourcecode.swift; path = StringExtension.swift; sourceTree = "<group>"; };
		__PBXFileRef_Sources/Database/Database.swift /* Database.swift */ = {isa = PBXFileReference; lastKnownFileType = sourcecode.swift; path = Database.swift; sourceTree = "<group>"; };
		__PBXFileRef_Sources/Database/Model.swift /* Model.swift */ = {isa = PBXFileReference; lastKnownFileType = sourcecode.swift; path = Model.swift; sourceTree = "<group>"; };
		__PBXFileRef_Sources/Database/SQLiteDatabase.swift /* SQLiteDatabase.swift */ = {isa = PBXFileReference; lastKnownFileType = sourcecode.swift; path = SQLiteDatabase.swift; sourceTree = "<group>"; };
		__PBXFileRef_Sources/EagleServer/BlogResponder.swift /* BlogResponder.swift */ = {isa = PBXFileReference; lastKnownFileType = sourcecode.swift; path = BlogResponder.swift; sourceTree = "<group>"; };
		__PBXFileRef_Sources/EagleServer/main.swift /* main.swift */ = {isa = PBXFileReference; lastKnownFileType = sourcecode.swift; path = main.swift; sourceTree = "<group>"; };
		__PBXFileRef_Sources/EagleTests/JSONTests.swift /* JSONTests.swift */ = {isa = PBXFileReference; lastKnownFileType = sourcecode.swift; path = JSONTests.swift; sourceTree = "<group>"; };
		__PBXFileRef_Sources/EagleTests/ModelTests.swift /* ModelTests.swift */ = {isa = PBXFileReference; lastKnownFileType = sourcecode.swift; path = ModelTests.swift; sourceTree = "<group>"; };
		__PBXFileRef_Sources/EagleTests/SQLiteDatabaseTests.swift /* SQLiteDatabaseTests.swift */ = {isa = PBXFileReference; lastKnownFileType = sourcecode.swift; path = SQLiteDatabaseTests.swift; sourceTree = "<group>"; };
		__PBXFileRef_Sources/EagleTests/StringExtensionTests.swift /* StringExtensionTests.swift */ = {isa = PBXFileReference; lastKnownFileType = sourcecode.swift; path = StringExtensionTests.swift; sourceTree = "<group>"; };
		__PBXFileRef_Sources/EagleTests/TemplateTests.swift /* TemplateTests.swift */ = {isa = PBXFileReference; lastKnownFileType = sourcecode.swift; path = TemplateTests.swift; sourceTree = "<group>"; };
		__PBXFileRef_Sources/EagleTests/TemplateTokenizerTests.swift /* TemplateTokenizerTests.swift */ = {isa = PBXFileReference; lastKnownFileType = sourcecode.swift; path = TemplateTokenizerTests.swift; sourceTree = "<group>"; };
		__PBXFileRef_Sources/EagleTests/TestCase.swift /* TestCase.swift */ = {isa = PBXFileReference; lastKnownFileType = sourcecode.swift; path = TestCase.swift; sourceTree = "<group>"; };
		__PBXFileRef_Sources/EagleTests/main.swift /* main.swift */ = {isa = PBXFileReference; lastKnownFileType = sourcecode.swift; path = main.swift; sourceTree = "<group>"; };
		__PBXFileRef_Sources/Http/ContentType.swift /* ContentType.swift */ = {isa = PBXFileReference; lastKnownFileType = sourcecode.swift; path = ContentType.swift; sourceTree = "<group>"; };
		__PBXFileRef_Sources/Http/FileResponder.swift /* FileResponder.swift */ = {isa = PBXFileReference; lastKnownFileType = sourcecode.swift; path = FileResponder.swift; sourceTree = "<group>"; };
		__PBXFileRef_Sources/Http/HttpConnection.swift /* HttpConnection.swift */ = {isa = PBXFileReference; lastKnownFileType = sourcecode.swift; path = HttpConnection.swift; sourceTree = "<group>"; };
		__PBXFileRef_Sources/Http/HttpRequest.swift /* HttpRequest.swift */ = {isa = PBXFileReference; lastKnownFileType = sourcecode.swift; path = HttpRequest.swift; sourceTree = "<group>"; };
		__PBXFileRef_Sources/Http/HttpResponse.swift /* HttpResponse.swift */ = {isa = PBXFileReference; lastKnownFileType = sourcecode.swift; path = HttpResponse.swift; sourceTree = "<group>"; };
		__PBXFileRef_Sources/Http/HttpServer.swift /* HttpServer.swift */ = {isa = PBXFileReference; lastKnownFileType = sourcecode.swift; path = HttpServer.swift; sourceTree = "<group>"; };
		__PBXFileRef_Sources/Http/Responder.swift /* Responder.swift */ = {isa = PBXFileReference; lastKnownFileType = sourcecode.swift; path = Responder.swift; sourceTree = "<group>"; };
		__PBXFileRef_Sources/Http/ResponderRegistry.swift /* ResponderRegistry.swift */ = {isa = PBXFileReference; lastKnownFileType = sourcecode.swift; path = ResponderRegistry.swift; sourceTree = "<group>"; };
		__PBXFileRef_Sources/Network/Address.swift /* Address.swift */ = {isa = PBXFileReference; lastKnownFileType = sourcecode.swift; path = Address.swift; sourceTree = "<group>"; };
		__PBXFileRef_Sources/Network/Endpoint.swift /* Endpoint.swift */ = {isa = PBXFileReference; lastKnownFileType = sourcecode.swift; path = Endpoint.swift; sourceTree = "<group>"; };
		__PBXFileRef_Sources/Network/Server.swift /* Server.swift */ = {isa = PBXFileReference; lastKnownFileType = sourcecode.swift; path = Server.swift; sourceTree = "<group>"; };
		__PBXFileRef_Sources/Network/ServerConnection.swift /* ServerConnection.swift */ = {isa = PBXFileReference; lastKnownFileType = sourcecode.swift; path = ServerConnection.swift; sourceTree = "<group>"; };
		__PBXFileRef_Sources/Network/ServerUtil.swift /* ServerUtil.swift */ = {isa = PBXFileReference; lastKnownFileType = sourcecode.swift; path = ServerUtil.swift; sourceTree = "<group>"; };
		__PBXFileRef_Sources/Template/Template.swift /* Template.swift */ = {isa = PBXFileReference; lastKnownFileType = sourcecode.swift; path = Template.swift; sourceTree = "<group>"; };
		__PBXFileRef_Sources/Template/TemplateExpressionNode.swift /* TemplateExpressionNode.swift */ = {isa = PBXFileReference; lastKnownFileType = sourcecode.swift; path = TemplateExpressionNode.swift; sourceTree = "<group>"; };
		__PBXFileRef_Sources/Template/TemplateNode.swift /* TemplateNode.swift */ = {isa = PBXFileReference; lastKnownFileType = sourcecode.swift; path = TemplateNode.swift; sourceTree = "<group>"; };
		__PBXFileRef_Sources/Template/TemplateParser.swift /* TemplateParser.swift */ = {isa = PBXFileReference; lastKnownFileType = sourcecode.swift; path = TemplateParser.swift; sourceTree = "<group>"; };
		__PBXFileRef_Sources/Template/TemplateTextNode.swift /* TemplateTextNode.swift */ = {isa = PBXFileReference; lastKnownFileType = sourcecode.swift; path = TemplateTextNode.swift; sourceTree = "<group>"; };
		__PBXFileRef_Sources/Template/TemplateTokenizer.swift /* TemplateTokenizer.swift */ = {isa = PBXFileReference; lastKnownFileType = sourcecode.swift; path = TemplateTokenizer.swift; sourceTree = "<group>"; };
		"_____Product_Base" /* Base.dylib */ = {isa = PBXFileReference; explicitFileType = "compiled.mach-o.dylib"; path = Base.dylib; sourceTree = BUILT_PRODUCTS_DIR; };
		"_____Product_Database" /* Database.dylib */ = {isa = PBXFileReference; explicitFileType = "compiled.mach-o.dylib"; path = Database.dylib; sourceTree = BUILT_PRODUCTS_DIR; };
		"_____Product_EagleServer" /* EagleServer */ = {isa = PBXFileReference; explicitFileType = "compiled.mach-o.executable"; path = EagleServer; sourceTree = BUILT_PRODUCTS_DIR; };
		"_____Product_EagleTests" /* EagleTests */ = {isa = PBXFileReference; explicitFileType = "compiled.mach-o.executable"; path = EagleTests; sourceTree = BUILT_PRODUCTS_DIR; };
		"_____Product_Http" /* Http.dylib */ = {isa = PBXFileReference; explicitFileType = "compiled.mach-o.dylib"; path = Http.dylib; sourceTree = BUILT_PRODUCTS_DIR; };
		"_____Product_Network" /* Network.dylib */ = {isa = PBXFileReference; explicitFileType = "compiled.mach-o.dylib"; path = Network.dylib; sourceTree = BUILT_PRODUCTS_DIR; };
		"_____Product_Template" /* Template.dylib */ = {isa = PBXFileReference; explicitFileType = "compiled.mach-o.dylib"; path = Template.dylib; sourceTree = BUILT_PRODUCTS_DIR; };
/* End PBXFileReference section */

/* Begin PBXFrameworksBuildPhase section */
		"___LinkPhase_Base" /* Frameworks */ = {
			isa = PBXFrameworksBuildPhase;
			buildActionMask = 0;
			files = (
			);
			runOnlyForDeploymentPostprocessing = 0;
		};
		"___LinkPhase_Database" /* Frameworks */ = {
			isa = PBXFrameworksBuildPhase;
			buildActionMask = 0;
			files = (
				_LinkFileRef_Base /* Base.dylib in Frameworks */,
			);
			runOnlyForDeploymentPostprocessing = 0;
		};
		"___LinkPhase_EagleServer" /* Frameworks */ = {
			isa = PBXFrameworksBuildPhase;
			buildActionMask = 0;
			files = (
				0DF301451CDE91EC004B5B15 /* Base.dylib in Frameworks */,
				_LinkFileRef_Database /* Database.dylib in Frameworks */,
				_LinkFileRef_Http /* Http.dylib in Frameworks */,
				0DF301461CDE91EC004B5B15 /* Network.dylib in Frameworks */,
				0DF301471CDE91EC004B5B15 /* Template.dylib in Frameworks */,
			);
			runOnlyForDeploymentPostprocessing = 0;
		};
		"___LinkPhase_EagleTests" /* Frameworks */ = {
			isa = PBXFrameworksBuildPhase;
			buildActionMask = 0;
			files = (
				0DF301481CDE91EC004B5B15 /* Base.dylib in Frameworks */,
				0DF301491CDE91EC004B5B15 /* Database.dylib in Frameworks */,
				0DF3014A1CDE91EC004B5B15 /* Template.dylib in Frameworks */,
			);
			runOnlyForDeploymentPostprocessing = 0;
		};
		"___LinkPhase_Http" /* Frameworks */ = {
			isa = PBXFrameworksBuildPhase;
			buildActionMask = 0;
			files = (
				0DF301421CDE91EC004B5B15 /* Base.dylib in Frameworks */,
				_LinkFileRef_Network /* Network.dylib in Frameworks */,
				_LinkFileRef_Template /* Template.dylib in Frameworks */,
			);
			runOnlyForDeploymentPostprocessing = 0;
		};
		"___LinkPhase_Network" /* Frameworks */ = {
			isa = PBXFrameworksBuildPhase;
			buildActionMask = 0;
			files = (
				0DF301431CDE91EC004B5B15 /* Base.dylib in Frameworks */,
			);
			runOnlyForDeploymentPostprocessing = 0;
		};
		"___LinkPhase_Template" /* Frameworks */ = {
			isa = PBXFrameworksBuildPhase;
			buildActionMask = 0;
			files = (
				0DF301441CDE91EC004B5B15 /* Base.dylib in Frameworks */,
			);
			runOnlyForDeploymentPostprocessing = 0;
		};
/* End PBXFrameworksBuildPhase section */

/* Begin PBXGroup section */
		"___RootGroup_" = {
			isa = PBXGroup;
			children = (
				__PBXFileRef_Package.swift /* Package.swift */,
				"_____Configs_" /* Configs */,
				"_____Sources_" /* Sources */,
				"____Products_" /* Products */,
			);
			sourceTree = "<group>";
		};
		"____Products_" /* Products */ = {
			isa = PBXGroup;
			children = (
				"_____Product_Base" /* Base.dylib */,
				"_____Product_Database" /* Database.dylib */,
				"_____Product_Http" /* Http.dylib */,
				"_____Product_Network" /* Network.dylib */,
				"_____Product_EagleServer" /* EagleServer */,
				"_____Product_EagleTests" /* EagleTests */,
				"_____Product_Template" /* Template.dylib */,
			);
			name = Products;
			sourceTree = "<group>";
		};
		"_____Configs_" /* Configs */ = {
			isa = PBXGroup;
			children = (
				__PBXFileRef_EagleFramework.xcodeproj/Configs/Project.xcconfig /* Project.xcconfig */,
			);
			name = Configs;
			sourceTree = "<group>";
		};
		"_____Sources_" /* Sources */ = {
			isa = PBXGroup;
			children = (
				"_______Group_Base" /* Base */,
				"_______Group_Database" /* Database */,
				"_______Group_Http" /* Http */,
				"_______Group_Network" /* Network */,
				"_______Group_EagleServer" /* EagleServer */,
				"_______Group_EagleTests" /* EagleTests */,
				"_______Group_Template" /* Template */,
			);
			name = Sources;
			sourceTree = "<group>";
		};
		"_______Group_Base" /* Base */ = {
			isa = PBXGroup;
			children = (
				__PBXFileRef_Sources/Base/JSON.swift /* JSON.swift */,
				__PBXFileRef_Sources/Base/Settings.swift /* Settings.swift */,
				__PBXFileRef_Sources/Base/StringExtension.swift /* StringExtension.swift */,
			);
			name = Base;
			path = Sources/Base;
			sourceTree = "<group>";
		};
		"_______Group_Database" /* Database */ = {
			isa = PBXGroup;
			children = (
				__PBXFileRef_Sources/Database/Database.swift /* Database.swift */,
				__PBXFileRef_Sources/Database/Model.swift /* Model.swift */,
				__PBXFileRef_Sources/Database/SQLiteDatabase.swift /* SQLiteDatabase.swift */,
			);
			name = Database;
			path = Sources/Database;
			sourceTree = "<group>";
		};
		"_______Group_EagleServer" /* EagleServer */ = {
			isa = PBXGroup;
			children = (
				__PBXFileRef_Sources/EagleServer/BlogResponder.swift /* BlogResponder.swift */,
				__PBXFileRef_Sources/EagleServer/main.swift /* main.swift */,
			);
			name = EagleServer;
			path = Sources/EagleServer;
			sourceTree = "<group>";
		};
		"_______Group_EagleTests" /* EagleTests */ = {
			isa = PBXGroup;
			children = (
				__PBXFileRef_Sources/EagleTests/JSONTests.swift /* JSONTests.swift */,
				__PBXFileRef_Sources/EagleTests/main.swift /* main.swift */,
				__PBXFileRef_Sources/EagleTests/ModelTests.swift /* ModelTests.swift */,
				__PBXFileRef_Sources/EagleTests/SQLiteDatabaseTests.swift /* SQLiteDatabaseTests.swift */,
				__PBXFileRef_Sources/EagleTests/StringExtensionTests.swift /* StringExtensionTests.swift */,
				__PBXFileRef_Sources/EagleTests/TemplateTests.swift /* TemplateTests.swift */,
				__PBXFileRef_Sources/EagleTests/TemplateTokenizerTests.swift /* TemplateTokenizerTests.swift */,
				__PBXFileRef_Sources/EagleTests/TestCase.swift /* TestCase.swift */,
			);
			name = EagleTests;
			path = Sources/EagleTests;
			sourceTree = "<group>";
		};
		"_______Group_Http" /* Http */ = {
			isa = PBXGroup;
			children = (
				__PBXFileRef_Sources/Http/ContentType.swift /* ContentType.swift */,
				__PBXFileRef_Sources/Http/FileResponder.swift /* FileResponder.swift */,
				__PBXFileRef_Sources/Http/HttpConnection.swift /* HttpConnection.swift */,
				__PBXFileRef_Sources/Http/HttpRequest.swift /* HttpRequest.swift */,
				__PBXFileRef_Sources/Http/HttpResponse.swift /* HttpResponse.swift */,
				__PBXFileRef_Sources/Http/HttpServer.swift /* HttpServer.swift */,
				__PBXFileRef_Sources/Http/Responder.swift /* Responder.swift */,
				__PBXFileRef_Sources/Http/ResponderRegistry.swift /* ResponderRegistry.swift */,
			);
			name = Http;
			path = Sources/Http;
			sourceTree = "<group>";
		};
		"_______Group_Network" /* Network */ = {
			isa = PBXGroup;
			children = (
				__PBXFileRef_Sources/Network/Address.swift /* Address.swift */,
				__PBXFileRef_Sources/Network/Endpoint.swift /* Endpoint.swift */,
				__PBXFileRef_Sources/Network/Server.swift /* Server.swift */,
				__PBXFileRef_Sources/Network/ServerConnection.swift /* ServerConnection.swift */,
				__PBXFileRef_Sources/Network/ServerUtil.swift /* ServerUtil.swift */,
			);
			name = Network;
			path = Sources/Network;
			sourceTree = "<group>";
		};
		"_______Group_Template" /* Template */ = {
			isa = PBXGroup;
			children = (
				__PBXFileRef_Sources/Template/Template.swift /* Template.swift */,
				__PBXFileRef_Sources/Template/TemplateExpressionNode.swift /* TemplateExpressionNode.swift */,
				__PBXFileRef_Sources/Template/TemplateNode.swift /* TemplateNode.swift */,
				__PBXFileRef_Sources/Template/TemplateParser.swift /* TemplateParser.swift */,
				__PBXFileRef_Sources/Template/TemplateTextNode.swift /* TemplateTextNode.swift */,
				__PBXFileRef_Sources/Template/TemplateTokenizer.swift /* TemplateTokenizer.swift */,
			);
			name = Template;
			path = Sources/Template;
			sourceTree = "<group>";
		};
/* End PBXGroup section */

/* Begin PBXNativeTarget section */
		"______Target_Base" /* Base */ = {
			isa = PBXNativeTarget;
			buildConfigurationList = "_______Confs_Base" /* Build configuration list for PBXNativeTarget "Base" */;
			buildPhases = (
				CompilePhase_Base /* Sources */,
				"___LinkPhase_Base" /* Frameworks */,
			);
			buildRules = (
			);
			dependencies = (
			);
			name = Base;
			productName = Base;
			productReference = "_____Product_Base" /* Base.dylib */;
			productType = "com.apple.product-type.library.dynamic";
		};
		"______Target_Database" /* Database */ = {
			isa = PBXNativeTarget;
			buildConfigurationList = "_______Confs_Database" /* Build configuration list for PBXNativeTarget "Database" */;
			buildPhases = (
				CompilePhase_Database /* Sources */,
				"___LinkPhase_Database" /* Frameworks */,
			);
			buildRules = (
			);
			dependencies = (
				__Dependency_Base /* PBXTargetDependency */,
			);
			name = Database;
			productName = Database;
			productReference = "_____Product_Database" /* Database.dylib */;
			productType = "com.apple.product-type.library.dynamic";
		};
		"______Target_EagleServer" /* EagleServer */ = {
			isa = PBXNativeTarget;
			buildConfigurationList = "_______Confs_EagleServer" /* Build configuration list for PBXNativeTarget "EagleServer" */;
			buildPhases = (
				CompilePhase_EagleServer /* Sources */,
				"___LinkPhase_EagleServer" /* Frameworks */,
			);
			buildRules = (
			);
			dependencies = (
				__Dependency_Base /* PBXTargetDependency */,
				__Dependency_Database /* PBXTargetDependency */,
				__Dependency_Http /* PBXTargetDependency */,
				__Dependency_Network /* PBXTargetDependency */,
			);
			name = EagleServer;
			productName = EagleServer;
			productReference = "_____Product_EagleServer" /* EagleServer */;
			productType = "com.apple.product-type.tool";
		};
		"______Target_EagleTests" /* EagleTests */ = {
			isa = PBXNativeTarget;
			buildConfigurationList = "_______Confs_EagleTests" /* Build configuration list for PBXNativeTarget "EagleTests" */;
			buildPhases = (
				CompilePhase_EagleTests /* Sources */,
				"___LinkPhase_EagleTests" /* Frameworks */,
			);
			buildRules = (
			);
			dependencies = (
				__Dependency_Base /* PBXTargetDependency */,
				__Dependency_Database /* PBXTargetDependency */,
				__Dependency_Template /* PBXTargetDependency */,
			);
			name = EagleTests;
			productName = EagleTests;
			productReference = "_____Product_EagleTests" /* EagleTests */;
			productType = "com.apple.product-type.tool";
		};
		"______Target_Http" /* Http */ = {
			isa = PBXNativeTarget;
			buildConfigurationList = "_______Confs_Http" /* Build configuration list for PBXNativeTarget "Http" */;
			buildPhases = (
				CompilePhase_Http /* Sources */,
				"___LinkPhase_Http" /* Frameworks */,
			);
			buildRules = (
			);
			dependencies = (
				__Dependency_Base /* PBXTargetDependency */,
				__Dependency_Network /* PBXTargetDependency */,
				__Dependency_Template /* PBXTargetDependency */,
			);
			name = Http;
			productName = Http;
			productReference = "_____Product_Http" /* Http.dylib */;
			productType = "com.apple.product-type.library.dynamic";
		};
		"______Target_Network" /* Network */ = {
			isa = PBXNativeTarget;
			buildConfigurationList = "_______Confs_Network" /* Build configuration list for PBXNativeTarget "Network" */;
			buildPhases = (
				CompilePhase_Network /* Sources */,
				"___LinkPhase_Network" /* Frameworks */,
			);
			buildRules = (
			);
			dependencies = (
				__Dependency_Base /* PBXTargetDependency */,
			);
			name = Network;
			productName = Network;
			productReference = "_____Product_Network" /* Network.dylib */;
			productType = "com.apple.product-type.library.dynamic";
		};
		"______Target_Template" /* Template */ = {
			isa = PBXNativeTarget;
			buildConfigurationList = "_______Confs_Template" /* Build configuration list for PBXNativeTarget "Template" */;
			buildPhases = (
				CompilePhase_Template /* Sources */,
				"___LinkPhase_Template" /* Frameworks */,
			);
			buildRules = (
			);
			dependencies = (
				__Dependency_Base /* PBXTargetDependency */,
			);
			name = Template;
			productName = Template;
			productReference = "_____Product_Template" /* Template.dylib */;
			productType = "com.apple.product-type.library.dynamic";
		};
/* End PBXNativeTarget section */

/* Begin PBXProject section */
		__RootObject_ /* Project object */ = {
			isa = PBXProject;
			attributes = {
				LastUpgradeCheck = 9999;
			};
			buildConfigurationList = "___RootConfs_" /* Build configuration list for PBXProject "EagleFramework" */;
			compatibilityVersion = "Xcode 3.2";
			developmentRegion = English;
			hasScannedForEncodings = 0;
			knownRegions = (
				English,
				en,
			);
			mainGroup = "___RootGroup_";
			productRefGroup = "____Products_" /* Products */;
			projectDirPath = "";
			projectRoot = "";
			targets = (
				"______Target_Base" /* Base */,
				"______Target_Database" /* Database */,
				"______Target_Http" /* Http */,
				"______Target_Network" /* Network */,
				"______Target_EagleServer" /* EagleServer */,
				"______Target_EagleTests" /* EagleTests */,
				"______Target_Template" /* Template */,
			);
		};
/* End PBXProject section */

/* Begin PBXSourcesBuildPhase section */
		CompilePhase_Base /* Sources */ = {
			isa = PBXSourcesBuildPhase;
			buildActionMask = 0;
			files = (
				__src_cc_ref_Sources/Base/JSON.swift /* JSON.swift in Sources */,
				__src_cc_ref_Sources/Base/Settings.swift /* Settings.swift in Sources */,
				__src_cc_ref_Sources/Base/StringExtension.swift /* StringExtension.swift in Sources */,
			);
			runOnlyForDeploymentPostprocessing = 0;
		};
		CompilePhase_Database /* Sources */ = {
			isa = PBXSourcesBuildPhase;
			buildActionMask = 0;
			files = (
				__src_cc_ref_Sources/Database/Database.swift /* Database.swift in Sources */,
				__src_cc_ref_Sources/Database/Model.swift /* Model.swift in Sources */,
				__src_cc_ref_Sources/Database/SQLiteDatabase.swift /* SQLiteDatabase.swift in Sources */,
			);
			runOnlyForDeploymentPostprocessing = 0;
		};
		CompilePhase_EagleServer /* Sources */ = {
			isa = PBXSourcesBuildPhase;
			buildActionMask = 0;
			files = (
				__src_cc_ref_Sources/EagleServer/BlogResponder.swift /* BlogResponder.swift in Sources */,
				__src_cc_ref_Sources/EagleServer/main.swift /* main.swift in Sources */,
			);
			runOnlyForDeploymentPostprocessing = 0;
		};
		CompilePhase_EagleTests /* Sources */ = {
			isa = PBXSourcesBuildPhase;
			buildActionMask = 0;
			files = (
				__src_cc_ref_Sources/EagleTests/JSONTests.swift /* JSONTests.swift in Sources */,
				__src_cc_ref_Sources/EagleTests/main.swift /* main.swift in Sources */,
				__src_cc_ref_Sources/EagleTests/ModelTests.swift /* ModelTests.swift in Sources */,
				__src_cc_ref_Sources/EagleTests/SQLiteDatabaseTests.swift /* SQLiteDatabaseTests.swift in Sources */,
				__src_cc_ref_Sources/EagleTests/StringExtensionTests.swift /* StringExtensionTests.swift in Sources */,
				__src_cc_ref_Sources/EagleTests/TemplateTests.swift /* TemplateTests.swift in Sources */,
				__src_cc_ref_Sources/EagleTests/TemplateTokenizerTests.swift /* TemplateTokenizerTests.swift in Sources */,
				__src_cc_ref_Sources/EagleTests/TestCase.swift /* TestCase.swift in Sources */,
			);
			runOnlyForDeploymentPostprocessing = 0;
		};
		CompilePhase_Http /* Sources */ = {
			isa = PBXSourcesBuildPhase;
			buildActionMask = 0;
			files = (
				__src_cc_ref_Sources/Http/ContentType.swift /* ContentType.swift in Sources */,
				__src_cc_ref_Sources/Http/FileResponder.swift /* FileResponder.swift in Sources */,
				__src_cc_ref_Sources/Http/HttpConnection.swift /* HttpConnection.swift in Sources */,
				__src_cc_ref_Sources/Http/HttpRequest.swift /* HttpRequest.swift in Sources */,
				__src_cc_ref_Sources/Http/HttpResponse.swift /* HttpResponse.swift in Sources */,
				__src_cc_ref_Sources/Http/HttpServer.swift /* HttpServer.swift in Sources */,
				__src_cc_ref_Sources/Http/Responder.swift /* Responder.swift in Sources */,
				__src_cc_ref_Sources/Http/ResponderRegistry.swift /* ResponderRegistry.swift in Sources */,
			);
			runOnlyForDeploymentPostprocessing = 0;
		};
		CompilePhase_Network /* Sources */ = {
			isa = PBXSourcesBuildPhase;
			buildActionMask = 0;
			files = (
				__src_cc_ref_Sources/Network/Address.swift /* Address.swift in Sources */,
				__src_cc_ref_Sources/Network/Endpoint.swift /* Endpoint.swift in Sources */,
				__src_cc_ref_Sources/Network/Server.swift /* Server.swift in Sources */,
				__src_cc_ref_Sources/Network/ServerConnection.swift /* ServerConnection.swift in Sources */,
				__src_cc_ref_Sources/Network/ServerUtil.swift /* ServerUtil.swift in Sources */,
			);
			runOnlyForDeploymentPostprocessing = 0;
		};
		CompilePhase_Template /* Sources */ = {
			isa = PBXSourcesBuildPhase;
			buildActionMask = 0;
			files = (
				__src_cc_ref_Sources/Template/Template.swift /* Template.swift in Sources */,
				__src_cc_ref_Sources/Template/TemplateExpressionNode.swift /* TemplateExpressionNode.swift in Sources */,
				__src_cc_ref_Sources/Template/TemplateNode.swift /* TemplateNode.swift in Sources */,
				__src_cc_ref_Sources/Template/TemplateParser.swift /* TemplateParser.swift in Sources */,
				__src_cc_ref_Sources/Template/TemplateTextNode.swift /* TemplateTextNode.swift in Sources */,
				__src_cc_ref_Sources/Template/TemplateTokenizer.swift /* TemplateTokenizer.swift in Sources */,
			);
			runOnlyForDeploymentPostprocessing = 0;
		};
/* End PBXSourcesBuildPhase section */

/* Begin PBXTargetDependency section */
		__Dependency_Base /* PBXTargetDependency */ = {
			isa = PBXTargetDependency;
			target = "______Target_Base" /* Base */;
			targetProxy = 0DF3014B1CDE91EF004B5B15 /* PBXContainerItemProxy */;
		};
		__Dependency_Database /* PBXTargetDependency */ = {
			isa = PBXTargetDependency;
			target = "______Target_Database" /* Database */;
			targetProxy = 0DF3014E1CDE91EF004B5B15 /* PBXContainerItemProxy */;
		};
		__Dependency_Http /* PBXTargetDependency */ = {
			isa = PBXTargetDependency;
			target = "______Target_Http" /* Http */;
			targetProxy = 0DF3014F1CDE91EF004B5B15 /* PBXContainerItemProxy */;
		};
		__Dependency_Network /* PBXTargetDependency */ = {
			isa = PBXTargetDependency;
			target = "______Target_Network" /* Network */;
			targetProxy = 0DF3014C1CDE91EF004B5B15 /* PBXContainerItemProxy */;
		};
		__Dependency_Template /* PBXTargetDependency */ = {
			isa = PBXTargetDependency;
			target = "______Target_Template" /* Template */;
			targetProxy = 0DF3014D1CDE91EF004B5B15 /* PBXContainerItemProxy */;
		};
/* End PBXTargetDependency section */

/* Begin XCBuildConfiguration section */
		_ReleaseConf_Base /* Release */ = {
			isa = XCBuildConfiguration;
			buildSettings = {
				ENABLE_TESTABILITY = YES;
				HEADER_SEARCH_PATHS = "$(PROJECT_DIR)/Packages/CSQLite3OSX-1.0.0";
				LD_RUNPATH_SEARCH_PATHS = "$(TOOLCHAIN_DIR)/usr/lib/swift/macosx";
			};
			name = Release;
		};
		_ReleaseConf_Database /* Release */ = {
			isa = XCBuildConfiguration;
			buildSettings = {
				ENABLE_TESTABILITY = YES;
				HEADER_SEARCH_PATHS = "$(PROJECT_DIR)/Packages/CSQLite3OSX-1.0.0";
				LD_RUNPATH_SEARCH_PATHS = "$(TOOLCHAIN_DIR)/usr/lib/swift/macosx";
			};
			name = Release;
		};
		_ReleaseConf_EagleServer /* Release */ = {
			isa = XCBuildConfiguration;
			buildSettings = {
				HEADER_SEARCH_PATHS = "$(PROJECT_DIR)/Packages/CSQLite3OSX-1.0.0";
				LD_RUNPATH_SEARCH_PATHS = "$(TOOLCHAIN_DIR)/usr/lib/swift/macosx";
				SWIFT_FORCE_DYNAMIC_LINK_STDLIB = YES;
				SWIFT_FORCE_STATIC_LINK_STDLIB = NO;
			};
			name = Release;
		};
		_ReleaseConf_EagleTests /* Release */ = {
			isa = XCBuildConfiguration;
			buildSettings = {
				HEADER_SEARCH_PATHS = "$(PROJECT_DIR)/Packages/CSQLite3OSX-1.0.0";
				LD_RUNPATH_SEARCH_PATHS = "$(TOOLCHAIN_DIR)/usr/lib/swift/macosx";
				SWIFT_FORCE_DYNAMIC_LINK_STDLIB = YES;
				SWIFT_FORCE_STATIC_LINK_STDLIB = NO;
			};
			name = Release;
		};
		_ReleaseConf_Http /* Release */ = {
			isa = XCBuildConfiguration;
			buildSettings = {
				ENABLE_TESTABILITY = YES;
				HEADER_SEARCH_PATHS = "$(PROJECT_DIR)/Packages/CSQLite3OSX-1.0.0";
				LD_RUNPATH_SEARCH_PATHS = "$(TOOLCHAIN_DIR)/usr/lib/swift/macosx";
			};
			name = Release;
		};
		_ReleaseConf_Network /* Release */ = {
			isa = XCBuildConfiguration;
			buildSettings = {
				ENABLE_TESTABILITY = YES;
				HEADER_SEARCH_PATHS = "$(PROJECT_DIR)/Packages/CSQLite3OSX-1.0.0";
				LD_RUNPATH_SEARCH_PATHS = "$(TOOLCHAIN_DIR)/usr/lib/swift/macosx";
			};
			name = Release;
		};
		_ReleaseConf_Template /* Release */ = {
			isa = XCBuildConfiguration;
			buildSettings = {
				ENABLE_TESTABILITY = YES;
				HEADER_SEARCH_PATHS = "$(PROJECT_DIR)/Packages/CSQLite3OSX-1.0.0";
				LD_RUNPATH_SEARCH_PATHS = "$(TOOLCHAIN_DIR)/usr/lib/swift/macosx";
			};
			name = Release;
		};
		"___DebugConf_Base" /* Debug */ = {
			isa = XCBuildConfiguration;
			buildSettings = {
				ENABLE_TESTABILITY = YES;
				HEADER_SEARCH_PATHS = "$(PROJECT_DIR)/Packages/CSQLite3OSX-1.0.0";
				LD_RUNPATH_SEARCH_PATHS = "$(TOOLCHAIN_DIR)/usr/lib/swift/macosx";
				SWIFT_OPTIMIZATION_LEVEL = "-Onone";
			};
			name = Debug;
		};
		"___DebugConf_Database" /* Debug */ = {
			isa = XCBuildConfiguration;
			buildSettings = {
				ENABLE_TESTABILITY = YES;
				HEADER_SEARCH_PATHS = "$(PROJECT_DIR)/Packages/CSQLite3OSX-1.0.0";
				LD_RUNPATH_SEARCH_PATHS = "$(TOOLCHAIN_DIR)/usr/lib/swift/macosx";
				SWIFT_OPTIMIZATION_LEVEL = "-Onone";
			};
			name = Debug;
		};
		"___DebugConf_EagleServer" /* Debug */ = {
			isa = XCBuildConfiguration;
			buildSettings = {
				HEADER_SEARCH_PATHS = "$(PROJECT_DIR)/Packages/CSQLite3OSX-1.0.0";
				LD_RUNPATH_SEARCH_PATHS = "$(TOOLCHAIN_DIR)/usr/lib/swift/macosx";
				SWIFT_FORCE_DYNAMIC_LINK_STDLIB = YES;
				SWIFT_FORCE_STATIC_LINK_STDLIB = NO;
				SWIFT_OPTIMIZATION_LEVEL = "-Onone";
			};
			name = Debug;
		};
		"___DebugConf_EagleTests" /* Debug */ = {
			isa = XCBuildConfiguration;
			buildSettings = {
				HEADER_SEARCH_PATHS = "$(PROJECT_DIR)/Packages/CSQLite3OSX-1.0.0";
				LD_RUNPATH_SEARCH_PATHS = "$(TOOLCHAIN_DIR)/usr/lib/swift/macosx";
				SWIFT_FORCE_DYNAMIC_LINK_STDLIB = YES;
				SWIFT_FORCE_STATIC_LINK_STDLIB = NO;
				SWIFT_OPTIMIZATION_LEVEL = "-Onone";
			};
			name = Debug;
		};
		"___DebugConf_Http" /* Debug */ = {
			isa = XCBuildConfiguration;
			buildSettings = {
				ENABLE_TESTABILITY = YES;
				HEADER_SEARCH_PATHS = "$(PROJECT_DIR)/Packages/CSQLite3OSX-1.0.0";
				LD_RUNPATH_SEARCH_PATHS = "$(TOOLCHAIN_DIR)/usr/lib/swift/macosx";
				SWIFT_OPTIMIZATION_LEVEL = "-Onone";
			};
			name = Debug;
		};
		"___DebugConf_Network" /* Debug */ = {
			isa = XCBuildConfiguration;
			buildSettings = {
				ENABLE_TESTABILITY = YES;
				HEADER_SEARCH_PATHS = "$(PROJECT_DIR)/Packages/CSQLite3OSX-1.0.0";
				LD_RUNPATH_SEARCH_PATHS = "$(TOOLCHAIN_DIR)/usr/lib/swift/macosx";
				SWIFT_OPTIMIZATION_LEVEL = "-Onone";
			};
			name = Debug;
		};
		"___DebugConf_Template" /* Debug */ = {
			isa = XCBuildConfiguration;
			buildSettings = {
				ENABLE_TESTABILITY = YES;
				HEADER_SEARCH_PATHS = "$(PROJECT_DIR)/Packages/CSQLite3OSX-1.0.0";
				LD_RUNPATH_SEARCH_PATHS = "$(TOOLCHAIN_DIR)/usr/lib/swift/macosx";
				SWIFT_OPTIMIZATION_LEVEL = "-Onone";
			};
			name = Debug;
		};
		"_____Release_" /* Release */ = {
			isa = XCBuildConfiguration;
			baseConfigurationReference = __PBXFileRef_EagleFramework.xcodeproj/Configs/Project.xcconfig /* Project.xcconfig */;
			buildSettings = {
				RESOURCES_PATH = "$(PROJECT_DIR)/Resources";
				SWIFT_VERSION = 5.0;
				WWW_PATH = "$(PROJECT_DIR)/www";
			};
			name = Release;
		};
		"_______Debug_" /* Debug */ = {
			isa = XCBuildConfiguration;
			baseConfigurationReference = __PBXFileRef_EagleFramework.xcodeproj/Configs/Project.xcconfig /* Project.xcconfig */;
			buildSettings = {
				RESOURCES_PATH = "$(PROJECT_DIR)/Resources";
				SWIFT_VERSION = 5.0;
				WWW_PATH = "$(PROJECT_DIR)/www";
			};
			name = Debug;
		};
/* End XCBuildConfiguration section */

/* Begin XCConfigurationList section */
		"___RootConfs_" /* Build configuration list for PBXProject "EagleFramework" */ = {
			isa = XCConfigurationList;
			buildConfigurations = (
				"_______Debug_" /* Debug */,
				"_____Release_" /* Release */,
			);
			defaultConfigurationIsVisible = 0;
			defaultConfigurationName = Debug;
		};
		"_______Confs_Base" /* Build configuration list for PBXNativeTarget "Base" */ = {
			isa = XCConfigurationList;
			buildConfigurations = (
				"___DebugConf_Base" /* Debug */,
				_ReleaseConf_Base /* Release */,
			);
			defaultConfigurationIsVisible = 0;
			defaultConfigurationName = Debug;
		};
		"_______Confs_Database" /* Build configuration list for PBXNativeTarget "Database" */ = {
			isa = XCConfigurationList;
			buildConfigurations = (
				"___DebugConf_Database" /* Debug */,
				_ReleaseConf_Database /* Release */,
			);
			defaultConfigurationIsVisible = 0;
			defaultConfigurationName = Debug;
		};
		"_______Confs_EagleServer" /* Build configuration list for PBXNativeTarget "EagleServer" */ = {
			isa = XCConfigurationList;
			buildConfigurations = (
				"___DebugConf_EagleServer" /* Debug */,
				_ReleaseConf_EagleServer /* Release */,
			);
			defaultConfigurationIsVisible = 0;
			defaultConfigurationName = Debug;
		};
		"_______Confs_EagleTests" /* Build configuration list for PBXNativeTarget "EagleTests" */ = {
			isa = XCConfigurationList;
			buildConfigurations = (
				"___DebugConf_EagleTests" /* Debug */,
				_ReleaseConf_EagleTests /* Release */,
			);
			defaultConfigurationIsVisible = 0;
			defaultConfigurationName = Debug;
		};
		"_______Confs_Http" /* Build configuration list for PBXNativeTarget "Http" */ = {
			isa = XCConfigurationList;
			buildConfigurations = (
				"___DebugConf_Http" /* Debug */,
				_ReleaseConf_Http /* Release */,
			);
			defaultConfigurationIsVisible = 0;
			defaultConfigurationName = Debug;
		};
		"_______Confs_Network" /* Build configuration list for PBXNativeTarget "Network" */ = {
			isa = XCConfigurationList;
			buildConfigurations = (
				"___DebugConf_Network" /* Debug */,
				_ReleaseConf_Network /* Release */,
			);
			defaultConfigurationIsVisible = 0;
			defaultConfigurationName = Debug;
		};
		"_______Confs_Template" /* Build configuration list for PBXNativeTarget "Template" */ = {
			isa = XCConfigurationList;
			buildConfigurations = (
				"___DebugConf_Template" /* Debug */,
				_ReleaseConf_Template /* Release */,
			);
			defaultConfigurationIsVisible = 0;
			defaultConfigurationName = Debug;
		};
/* End XCConfigurationList section */
	};
	rootObject = __RootObject_ /* Project object */;
}
