// !$*UTF8*$!
{
	archiveVersion = 1;
	classes = {
	};
	objectVersion = 46;
	objects = {

/* Begin PBXBuildFile section */
		0D04A4EE1BB8557A00818D64 /* FileResponder.swift in Sources */ = {isa = PBXBuildFile; fileRef = 0D04A4ED1BB8557A00818D64 /* FileResponder.swift */; };
		0D0666311BB74D4C00F9C362 /* Responder.swift in Sources */ = {isa = PBXBuildFile; fileRef = 0D0666301BB74D4C00F9C362 /* Responder.swift */; };
		0D0666331BB74DEF00F9C362 /* ResponderRegistry.swift in Sources */ = {isa = PBXBuildFile; fileRef = 0D0666321BB74DEF00F9C362 /* ResponderRegistry.swift */; };
		0D1028901BBF39E600F6AFA7 /* StringExtensionTests.swift in Sources */ = {isa = PBXBuildFile; fileRef = 0D10288F1BBF39E600F6AFA7 /* StringExtensionTests.swift */; };
		0D1028971BBF3F9700F6AFA7 /* StringExtension.swift in Sources */ = {isa = PBXBuildFile; fileRef = 0D72EC351B5CA230001B6659 /* StringExtension.swift */; };
		0D1645941BC770210003FACC /* Database.swift in Sources */ = {isa = PBXBuildFile; fileRef = 0D1645931BC770210003FACC /* Database.swift */; };
		0D1645961BC775430003FACC /* ModelTests.swift in Sources */ = {isa = PBXBuildFile; fileRef = 0D1645951BC775430003FACC /* ModelTests.swift */; };
		0D1645971BC7757E0003FACC /* Model.swift in Sources */ = {isa = PBXBuildFile; fileRef = 0D9B081B1BC61C9D00D4C87C /* Model.swift */; };
		0D1645991BC77B0E0003FACC /* SQLiteDatabase.swift in Sources */ = {isa = PBXBuildFile; fileRef = 0D1645981BC77B0E0003FACC /* SQLiteDatabase.swift */; };
		0D16459A1BC7818C0003FACC /* libsqlite3.tbd in Frameworks */ = {isa = PBXBuildFile; fileRef = 0D16458F1BC76F9E0003FACC /* libsqlite3.tbd */; };
		0D1865BB1BEEE2AF00BF326F /* ContentType.swift in Sources */ = {isa = PBXBuildFile; fileRef = 0D1865BA1BEEE2AF00BF326F /* ContentType.swift */; };
		0D72EC391B5CA230001B6659 /* HttpConnection.swift in Sources */ = {isa = PBXBuildFile; fileRef = 0D72EC2E1B5CA230001B6659 /* HttpConnection.swift */; };
		0D72EC3A1B5CA230001B6659 /* HttpRequest.swift in Sources */ = {isa = PBXBuildFile; fileRef = 0D72EC2F1B5CA230001B6659 /* HttpRequest.swift */; };
		0D72EC3B1B5CA230001B6659 /* HttpResponse.swift in Sources */ = {isa = PBXBuildFile; fileRef = 0D72EC301B5CA230001B6659 /* HttpResponse.swift */; };
		0D72EC3C1B5CA230001B6659 /* HttpServer.swift in Sources */ = {isa = PBXBuildFile; fileRef = 0D72EC311B5CA230001B6659 /* HttpServer.swift */; };
		0D72EC3D1B5CA230001B6659 /* main.swift in Sources */ = {isa = PBXBuildFile; fileRef = 0D72EC321B5CA230001B6659 /* main.swift */; };
		0D72EC3F1B5CA230001B6659 /* Settings.swift in Sources */ = {isa = PBXBuildFile; fileRef = 0D72EC341B5CA230001B6659 /* Settings.swift */; };
		0D72EC401B5CA230001B6659 /* StringExtension.swift in Sources */ = {isa = PBXBuildFile; fileRef = 0D72EC351B5CA230001B6659 /* StringExtension.swift */; };
		0D9B081C1BC61C9D00D4C87C /* Model.swift in Sources */ = {isa = PBXBuildFile; fileRef = 0D9B081B1BC61C9D00D4C87C /* Model.swift */; };
		0DABF22B1BEDADF200B09088 /* Address.swift in Sources */ = {isa = PBXBuildFile; fileRef = 0DABF2261BEDADF200B09088 /* Address.swift */; };
		0DABF22C1BEDADF200B09088 /* Endpoint.swift in Sources */ = {isa = PBXBuildFile; fileRef = 0DABF2271BEDADF200B09088 /* Endpoint.swift */; };
		0DABF22D1BEDADF200B09088 /* Server.swift in Sources */ = {isa = PBXBuildFile; fileRef = 0DABF2281BEDADF200B09088 /* Server.swift */; };
		0DABF22E1BEDADF200B09088 /* ServerConnection.swift in Sources */ = {isa = PBXBuildFile; fileRef = 0DABF2291BEDADF200B09088 /* ServerConnection.swift */; };
		0DABF22F1BEDADF200B09088 /* ServerUtil.swift in Sources */ = {isa = PBXBuildFile; fileRef = 0DABF22A1BEDADF200B09088 /* ServerUtil.swift */; };
		0DABF2311BEDBBC300B09088 /* Settings.swift in Sources */ = {isa = PBXBuildFile; fileRef = 0D72EC341B5CA230001B6659 /* Settings.swift */; };
		0DAEFC481BBF755A001ABDDE /* TemplateTokenizer.swift in Sources */ = {isa = PBXBuildFile; fileRef = 0DAEFC471BBF755A001ABDDE /* TemplateTokenizer.swift */; };
		0DAEFC4A1BBF863B001ABDDE /* TemplateTokenizerTests.swift in Sources */ = {isa = PBXBuildFile; fileRef = 0DAEFC491BBF863B001ABDDE /* TemplateTokenizerTests.swift */; };
		0DAEFC4B1BBF8674001ABDDE /* TemplateTokenizer.swift in Sources */ = {isa = PBXBuildFile; fileRef = 0DAEFC471BBF755A001ABDDE /* TemplateTokenizer.swift */; };
		0DB8C8731BC1983F00C02E36 /* TemplateParser.swift in Sources */ = {isa = PBXBuildFile; fileRef = 0DB8C8721BC1983F00C02E36 /* TemplateParser.swift */; };
		0DB8C8751BC19A9E00C02E36 /* TemplateNode.swift in Sources */ = {isa = PBXBuildFile; fileRef = 0DB8C8741BC19A9E00C02E36 /* TemplateNode.swift */; };
		0DB8C8771BC19B3B00C02E36 /* TemplateTextNode.swift in Sources */ = {isa = PBXBuildFile; fileRef = 0DB8C8761BC19B3B00C02E36 /* TemplateTextNode.swift */; };
		0DB8C8791BC1A01700C02E36 /* Template.swift in Sources */ = {isa = PBXBuildFile; fileRef = 0DB8C8781BC1A01700C02E36 /* Template.swift */; };
		0DB8C87B1BC1A0A900C02E36 /* TemplateExpressionNode.swift in Sources */ = {isa = PBXBuildFile; fileRef = 0DB8C87A1BC1A0A900C02E36 /* TemplateExpressionNode.swift */; };
		0DB8C87D1BC1AC0300C02E36 /* TemplateTests.swift in Sources */ = {isa = PBXBuildFile; fileRef = 0DB8C87C1BC1AC0300C02E36 /* TemplateTests.swift */; };
		0DB8C87E1BC1AC6200C02E36 /* TemplateNode.swift in Sources */ = {isa = PBXBuildFile; fileRef = 0DB8C8741BC19A9E00C02E36 /* TemplateNode.swift */; };
		0DB8C87F1BC1AC6200C02E36 /* TemplateTextNode.swift in Sources */ = {isa = PBXBuildFile; fileRef = 0DB8C8761BC19B3B00C02E36 /* TemplateTextNode.swift */; };
		0DB8C8801BC1AC6200C02E36 /* TemplateExpressionNode.swift in Sources */ = {isa = PBXBuildFile; fileRef = 0DB8C87A1BC1A0A900C02E36 /* TemplateExpressionNode.swift */; };
		0DB8C8811BC1AC6200C02E36 /* Template.swift in Sources */ = {isa = PBXBuildFile; fileRef = 0DB8C8781BC1A01700C02E36 /* Template.swift */; };
		0DB8C8821BC1ACAC00C02E36 /* TemplateParser.swift in Sources */ = {isa = PBXBuildFile; fileRef = 0DB8C8721BC1983F00C02E36 /* TemplateParser.swift */; };
		0DD0C9EE1BC87EA4004F2632 /* SQLiteDatabaseTests.swift in Sources */ = {isa = PBXBuildFile; fileRef = 0DD0C9ED1BC87EA4004F2632 /* SQLiteDatabaseTests.swift */; };
		0DD0C9EF1BC87EE4004F2632 /* SQLiteDatabase.swift in Sources */ = {isa = PBXBuildFile; fileRef = 0D1645981BC77B0E0003FACC /* SQLiteDatabase.swift */; };
		0DD0C9F01BC87FE8004F2632 /* Database.swift in Sources */ = {isa = PBXBuildFile; fileRef = 0D1645931BC770210003FACC /* Database.swift */; };
		0DD0C9F11BC87FF1004F2632 /* libsqlite3.tbd in Frameworks */ = {isa = PBXBuildFile; fileRef = 0D16458F1BC76F9E0003FACC /* libsqlite3.tbd */; };
/* End PBXBuildFile section */

/* Begin PBXCopyFilesBuildPhase section */
		0D72EC1F1B5CA201001B6659 /* CopyFiles */ = {
			isa = PBXCopyFilesBuildPhase;
			buildActionMask = 2147483647;
			dstPath = /usr/share/man/man1/;
			dstSubfolderSpec = 0;
			files = (
			);
			runOnlyForDeploymentPostprocessing = 1;
		};
/* End PBXCopyFilesBuildPhase section */

/* Begin PBXFileReference section */
		0D04A4ED1BB8557A00818D64 /* FileResponder.swift */ = {isa = PBXFileReference; fileEncoding = 4; lastKnownFileType = sourcecode.swift; path = FileResponder.swift; sourceTree = "<group>"; };
		0D0666301BB74D4C00F9C362 /* Responder.swift */ = {isa = PBXFileReference; fileEncoding = 4; lastKnownFileType = sourcecode.swift; path = Responder.swift; sourceTree = "<group>"; };
		0D0666321BB74DEF00F9C362 /* ResponderRegistry.swift */ = {isa = PBXFileReference; fileEncoding = 4; lastKnownFileType = sourcecode.swift; path = ResponderRegistry.swift; sourceTree = "<group>"; };
		0D10288D1BBF39E600F6AFA7 /* SwiftHTTPServerTests.xctest */ = {isa = PBXFileReference; explicitFileType = wrapper.cfbundle; includeInIndex = 0; path = SwiftHTTPServerTests.xctest; sourceTree = BUILT_PRODUCTS_DIR; };
		0D10288F1BBF39E600F6AFA7 /* StringExtensionTests.swift */ = {isa = PBXFileReference; lastKnownFileType = sourcecode.swift; path = StringExtensionTests.swift; sourceTree = "<group>"; };
		0D16458F1BC76F9E0003FACC /* libsqlite3.tbd */ = {isa = PBXFileReference; lastKnownFileType = "sourcecode.text-based-dylib-definition"; name = libsqlite3.tbd; path = usr/lib/libsqlite3.tbd; sourceTree = SDKROOT; };
		0D1645931BC770210003FACC /* Database.swift */ = {isa = PBXFileReference; fileEncoding = 4; lastKnownFileType = sourcecode.swift; path = Database.swift; sourceTree = "<group>"; };
		0D1645951BC775430003FACC /* ModelTests.swift */ = {isa = PBXFileReference; fileEncoding = 4; lastKnownFileType = sourcecode.swift; path = ModelTests.swift; sourceTree = "<group>"; };
		0D1645981BC77B0E0003FACC /* SQLiteDatabase.swift */ = {isa = PBXFileReference; fileEncoding = 4; lastKnownFileType = sourcecode.swift; path = SQLiteDatabase.swift; sourceTree = "<group>"; };
		0D1865BA1BEEE2AF00BF326F /* ContentType.swift */ = {isa = PBXFileReference; fileEncoding = 4; lastKnownFileType = sourcecode.swift; path = ContentType.swift; sourceTree = "<group>"; };
		0D72EC211B5CA201001B6659 /* SwiftHTTPServer */ = {isa = PBXFileReference; explicitFileType = "compiled.mach-o.executable"; includeInIndex = 0; path = SwiftHTTPServer; sourceTree = BUILT_PRODUCTS_DIR; };
		0D72EC2E1B5CA230001B6659 /* HttpConnection.swift */ = {isa = PBXFileReference; fileEncoding = 4; lastKnownFileType = sourcecode.swift; path = HttpConnection.swift; sourceTree = "<group>"; };
		0D72EC2F1B5CA230001B6659 /* HttpRequest.swift */ = {isa = PBXFileReference; fileEncoding = 4; lastKnownFileType = sourcecode.swift; path = HttpRequest.swift; sourceTree = "<group>"; };
		0D72EC301B5CA230001B6659 /* HttpResponse.swift */ = {isa = PBXFileReference; fileEncoding = 4; lastKnownFileType = sourcecode.swift; path = HttpResponse.swift; sourceTree = "<group>"; };
		0D72EC311B5CA230001B6659 /* HttpServer.swift */ = {isa = PBXFileReference; fileEncoding = 4; lastKnownFileType = sourcecode.swift; path = HttpServer.swift; sourceTree = "<group>"; };
		0D72EC321B5CA230001B6659 /* main.swift */ = {isa = PBXFileReference; fileEncoding = 4; lastKnownFileType = sourcecode.swift; path = main.swift; sourceTree = "<group>"; };
		0D72EC341B5CA230001B6659 /* Settings.swift */ = {isa = PBXFileReference; fileEncoding = 4; lastKnownFileType = sourcecode.swift; path = Settings.swift; sourceTree = "<group>"; };
		0D72EC351B5CA230001B6659 /* StringExtension.swift */ = {isa = PBXFileReference; fileEncoding = 4; lastKnownFileType = sourcecode.swift; path = StringExtension.swift; sourceTree = "<group>"; };
		0D72EC361B5CA230001B6659 /* SwiftHTTPServer-Bridging-Header.h */ = {isa = PBXFileReference; fileEncoding = 4; lastKnownFileType = sourcecode.c.h; path = "SwiftHTTPServer-Bridging-Header.h"; sourceTree = "<group>"; };
		0D72EC411B5CA29B001B6659 /* www */ = {isa = PBXFileReference; lastKnownFileType = folder; path = www; sourceTree = "<group>"; };
		0D9B081B1BC61C9D00D4C87C /* Model.swift */ = {isa = PBXFileReference; fileEncoding = 4; lastKnownFileType = sourcecode.swift; path = Model.swift; sourceTree = "<group>"; };
		0DABF2261BEDADF200B09088 /* Address.swift */ = {isa = PBXFileReference; fileEncoding = 4; lastKnownFileType = sourcecode.swift; path = Address.swift; sourceTree = "<group>"; };
		0DABF2271BEDADF200B09088 /* Endpoint.swift */ = {isa = PBXFileReference; fileEncoding = 4; lastKnownFileType = sourcecode.swift; path = Endpoint.swift; sourceTree = "<group>"; };
		0DABF2281BEDADF200B09088 /* Server.swift */ = {isa = PBXFileReference; fileEncoding = 4; lastKnownFileType = sourcecode.swift; path = Server.swift; sourceTree = "<group>"; };
		0DABF2291BEDADF200B09088 /* ServerConnection.swift */ = {isa = PBXFileReference; fileEncoding = 4; lastKnownFileType = sourcecode.swift; path = ServerConnection.swift; sourceTree = "<group>"; };
		0DABF22A1BEDADF200B09088 /* ServerUtil.swift */ = {isa = PBXFileReference; fileEncoding = 4; lastKnownFileType = sourcecode.swift; path = ServerUtil.swift; sourceTree = "<group>"; };
		0DAEFC471BBF755A001ABDDE /* TemplateTokenizer.swift */ = {isa = PBXFileReference; fileEncoding = 4; lastKnownFileType = sourcecode.swift; path = TemplateTokenizer.swift; sourceTree = "<group>"; };
		0DAEFC491BBF863B001ABDDE /* TemplateTokenizerTests.swift */ = {isa = PBXFileReference; fileEncoding = 4; lastKnownFileType = sourcecode.swift; path = TemplateTokenizerTests.swift; sourceTree = "<group>"; };
		0DB8C8721BC1983F00C02E36 /* TemplateParser.swift */ = {isa = PBXFileReference; fileEncoding = 4; lastKnownFileType = sourcecode.swift; path = TemplateParser.swift; sourceTree = "<group>"; };
		0DB8C8741BC19A9E00C02E36 /* TemplateNode.swift */ = {isa = PBXFileReference; fileEncoding = 4; lastKnownFileType = sourcecode.swift; path = TemplateNode.swift; sourceTree = "<group>"; };
		0DB8C8761BC19B3B00C02E36 /* TemplateTextNode.swift */ = {isa = PBXFileReference; fileEncoding = 4; lastKnownFileType = sourcecode.swift; path = TemplateTextNode.swift; sourceTree = "<group>"; };
		0DB8C8781BC1A01700C02E36 /* Template.swift */ = {isa = PBXFileReference; fileEncoding = 4; lastKnownFileType = sourcecode.swift; path = Template.swift; sourceTree = "<group>"; };
		0DB8C87A1BC1A0A900C02E36 /* TemplateExpressionNode.swift */ = {isa = PBXFileReference; fileEncoding = 4; lastKnownFileType = sourcecode.swift; path = TemplateExpressionNode.swift; sourceTree = "<group>"; };
		0DB8C87C1BC1AC0300C02E36 /* TemplateTests.swift */ = {isa = PBXFileReference; fileEncoding = 4; lastKnownFileType = sourcecode.swift; path = TemplateTests.swift; sourceTree = "<group>"; };
		0DD0C9ED1BC87EA4004F2632 /* SQLiteDatabaseTests.swift */ = {isa = PBXFileReference; fileEncoding = 4; lastKnownFileType = sourcecode.swift; path = SQLiteDatabaseTests.swift; sourceTree = "<group>"; };
/* End PBXFileReference section */

/* Begin PBXFrameworksBuildPhase section */
		0D10288A1BBF39E600F6AFA7 /* Frameworks */ = {
			isa = PBXFrameworksBuildPhase;
			buildActionMask = 2147483647;
			files = (
				0DD0C9F11BC87FF1004F2632 /* libsqlite3.tbd in Frameworks */,
			);
			runOnlyForDeploymentPostprocessing = 0;
		};
		0D72EC1E1B5CA201001B6659 /* Frameworks */ = {
			isa = PBXFrameworksBuildPhase;
			buildActionMask = 2147483647;
			files = (
				0D16459A1BC7818C0003FACC /* libsqlite3.tbd in Frameworks */,
			);
			runOnlyForDeploymentPostprocessing = 0;
		};
/* End PBXFrameworksBuildPhase section */

/* Begin PBXGroup section */
		0D04A4EC1BB8556D00818D64 /* Responders */ = {
			isa = PBXGroup;
			children = (
				0D04A4ED1BB8557A00818D64 /* FileResponder.swift */,
				0D0666301BB74D4C00F9C362 /* Responder.swift */,
				0D0666321BB74DEF00F9C362 /* ResponderRegistry.swift */,
			);
			name = Responders;
			sourceTree = "<group>";
		};
		0D10288E1BBF39E600F6AFA7 /* Tests */ = {
			isa = PBXGroup;
			children = (
				0D10288F1BBF39E600F6AFA7 /* StringExtensionTests.swift */,
				0DAEFC491BBF863B001ABDDE /* TemplateTokenizerTests.swift */,
				0DB8C87C1BC1AC0300C02E36 /* TemplateTests.swift */,
				0D1645951BC775430003FACC /* ModelTests.swift */,
				0DD0C9ED1BC87EA4004F2632 /* SQLiteDatabaseTests.swift */,
			);
			path = Tests;
			sourceTree = "<group>";
		};
		0D1645911BC76FB80003FACC /* Libraries */ = {
			isa = PBXGroup;
			children = (
				0D16458F1BC76F9E0003FACC /* libsqlite3.tbd */,
			);
			name = Libraries;
			sourceTree = "<group>";
		};
		0D1645921BC7700D0003FACC /* Database */ = {
			isa = PBXGroup;
			children = (
				0D1645931BC770210003FACC /* Database.swift */,
				0D1645981BC77B0E0003FACC /* SQLiteDatabase.swift */,
			);
			name = Database;
			sourceTree = "<group>";
		};
		0D72EC181B5CA200001B6659 = {
			isa = PBXGroup;
			children = (
				0D72EC231B5CA201001B6659 /* Sources */,
				0D10288E1BBF39E600F6AFA7 /* Tests */,
				0D1645911BC76FB80003FACC /* Libraries */,
				0D72EC221B5CA201001B6659 /* Products */,
				0D72EC411B5CA29B001B6659 /* www */,
			);
			sourceTree = "<group>";
		};
		0D72EC221B5CA201001B6659 /* Products */ = {
			isa = PBXGroup;
			children = (
				0D72EC211B5CA201001B6659 /* SwiftHTTPServer */,
				0D10288D1BBF39E600F6AFA7 /* SwiftHTTPServerTests.xctest */,
			);
			name = Products;
			sourceTree = "<group>";
		};
		0D72EC231B5CA201001B6659 /* Sources */ = {
			isa = PBXGroup;
			children = (
				0D1645921BC7700D0003FACC /* Database */,
				0DABF2301BEDAE6400B09088 /* HttpServer */,
				0D9B081A1BC61C8E00D4C87C /* Models */,
				0D04A4EC1BB8556D00818D64 /* Responders */,
				0DABF2251BEDAD9800B09088 /* Server */,
				0DAEFC461BBF74B8001ABDDE /* Templates */,
				0D72EC341B5CA230001B6659 /* Settings.swift */,
				0D72EC351B5CA230001B6659 /* StringExtension.swift */,
				0D72EC361B5CA230001B6659 /* SwiftHTTPServer-Bridging-Header.h */,
				0D72EC321B5CA230001B6659 /* main.swift */,
			);
			path = Sources;
			sourceTree = "<group>";
		};
		0D9B081A1BC61C8E00D4C87C /* Models */ = {
			isa = PBXGroup;
			children = (
				0D9B081B1BC61C9D00D4C87C /* Model.swift */,
			);
			name = Models;
			sourceTree = "<group>";
		};
		0DABF2251BEDAD9800B09088 /* Server */ = {
			isa = PBXGroup;
			children = (
				0DABF2261BEDADF200B09088 /* Address.swift */,
				0DABF2271BEDADF200B09088 /* Endpoint.swift */,
				0DABF2281BEDADF200B09088 /* Server.swift */,
				0DABF2291BEDADF200B09088 /* ServerConnection.swift */,
				0DABF22A1BEDADF200B09088 /* ServerUtil.swift */,
			);
			name = Server;
			sourceTree = "<group>";
		};
		0DABF2301BEDAE6400B09088 /* HttpServer */ = {
			isa = PBXGroup;
			children = (
				0D1865BA1BEEE2AF00BF326F /* ContentType.swift */,
				0D72EC2E1B5CA230001B6659 /* HttpConnection.swift */,
				0D72EC2F1B5CA230001B6659 /* HttpRequest.swift */,
				0D72EC301B5CA230001B6659 /* HttpResponse.swift */,
				0D72EC311B5CA230001B6659 /* HttpServer.swift */,
			);
			name = HttpServer;
			sourceTree = "<group>";
		};
		0DAEFC461BBF74B8001ABDDE /* Templates */ = {
			isa = PBXGroup;
			children = (
				0DAEFC471BBF755A001ABDDE /* TemplateTokenizer.swift */,
				0DB8C8721BC1983F00C02E36 /* TemplateParser.swift */,
				0DB8C8741BC19A9E00C02E36 /* TemplateNode.swift */,
				0DB8C8761BC19B3B00C02E36 /* TemplateTextNode.swift */,
				0DB8C87A1BC1A0A900C02E36 /* TemplateExpressionNode.swift */,
				0DB8C8781BC1A01700C02E36 /* Template.swift */,
			);
			name = Templates;
			sourceTree = "<group>";
		};
/* End PBXGroup section */

/* Begin PBXNativeTarget section */
		0D10288C1BBF39E600F6AFA7 /* SwiftHTTPServerTests */ = {
			isa = PBXNativeTarget;
			buildConfigurationList = 0D1028921BBF39E600F6AFA7 /* Build configuration list for PBXNativeTarget "SwiftHTTPServerTests" */;
			buildPhases = (
				0D1028891BBF39E600F6AFA7 /* Sources */,
				0D10288A1BBF39E600F6AFA7 /* Frameworks */,
				0D10288B1BBF39E600F6AFA7 /* Resources */,
			);
			buildRules = (
			);
			dependencies = (
			);
			name = SwiftHTTPServerTests;
			productName = SwiftHTTPServerTests;
			productReference = 0D10288D1BBF39E600F6AFA7 /* SwiftHTTPServerTests.xctest */;
			productType = "com.apple.product-type.bundle.unit-test";
		};
		0D72EC201B5CA201001B6659 /* SwiftHTTPServer */ = {
			isa = PBXNativeTarget;
			buildConfigurationList = 0D72EC281B5CA201001B6659 /* Build configuration list for PBXNativeTarget "SwiftHTTPServer" */;
			buildPhases = (
				0D72EC1D1B5CA201001B6659 /* Sources */,
				0D72EC1E1B5CA201001B6659 /* Frameworks */,
				0D72EC1F1B5CA201001B6659 /* CopyFiles */,
			);
			buildRules = (
			);
			dependencies = (
			);
			name = SwiftHTTPServer;
			productName = SwiftHTTPServer;
			productReference = 0D72EC211B5CA201001B6659 /* SwiftHTTPServer */;
			productType = "com.apple.product-type.tool";
		};
/* End PBXNativeTarget section */

/* Begin PBXProject section */
		0D72EC191B5CA200001B6659 /* Project object */ = {
			isa = PBXProject;
			attributes = {
				LastSwiftMigration = 0700;
				LastSwiftUpdateCheck = 0710;
				LastUpgradeCheck = 0710;
				ORGANIZATIONNAME = "Josh Beam";
				TargetAttributes = {
					0D10288C1BBF39E600F6AFA7 = {
						CreatedOnToolsVersion = 7.0.1;
					};
					0D72EC201B5CA201001B6659 = {
						CreatedOnToolsVersion = 6.3.2;
					};
				};
			};
			buildConfigurationList = 0D72EC1C1B5CA200001B6659 /* Build configuration list for PBXProject "SwiftHTTPServer" */;
			compatibilityVersion = "Xcode 3.2";
			developmentRegion = English;
			hasScannedForEncodings = 0;
			knownRegions = (
				en,
			);
			mainGroup = 0D72EC181B5CA200001B6659;
			productRefGroup = 0D72EC221B5CA201001B6659 /* Products */;
			projectDirPath = "";
			projectRoot = "";
			targets = (
				0D72EC201B5CA201001B6659 /* SwiftHTTPServer */,
				0D10288C1BBF39E600F6AFA7 /* SwiftHTTPServerTests */,
			);
		};
/* End PBXProject section */

/* Begin PBXResourcesBuildPhase section */
		0D10288B1BBF39E600F6AFA7 /* Resources */ = {
			isa = PBXResourcesBuildPhase;
			buildActionMask = 2147483647;
			files = (
			);
			runOnlyForDeploymentPostprocessing = 0;
		};
/* End PBXResourcesBuildPhase section */

/* Begin PBXSourcesBuildPhase section */
		0D1028891BBF39E600F6AFA7 /* Sources */ = {
			isa = PBXSourcesBuildPhase;
			buildActionMask = 2147483647;
			files = (
				0DABF2311BEDBBC300B09088 /* Settings.swift in Sources */,
				0DD0C9F01BC87FE8004F2632 /* Database.swift in Sources */,
				0DD0C9EF1BC87EE4004F2632 /* SQLiteDatabase.swift in Sources */,
				0D1645971BC7757E0003FACC /* Model.swift in Sources */,
				0DB8C8821BC1ACAC00C02E36 /* TemplateParser.swift in Sources */,
				0DB8C87E1BC1AC6200C02E36 /* TemplateNode.swift in Sources */,
				0DB8C87F1BC1AC6200C02E36 /* TemplateTextNode.swift in Sources */,
				0DB8C8801BC1AC6200C02E36 /* TemplateExpressionNode.swift in Sources */,
				0DD0C9EE1BC87EA4004F2632 /* SQLiteDatabaseTests.swift in Sources */,
				0DB8C8811BC1AC6200C02E36 /* Template.swift in Sources */,
				0DAEFC4B1BBF8674001ABDDE /* TemplateTokenizer.swift in Sources */,
				0DAEFC4A1BBF863B001ABDDE /* TemplateTokenizerTests.swift in Sources */,
				0DB8C87D1BC1AC0300C02E36 /* TemplateTests.swift in Sources */,
				0D1645961BC775430003FACC /* ModelTests.swift in Sources */,
				0D1028971BBF3F9700F6AFA7 /* StringExtension.swift in Sources */,
				0D1028901BBF39E600F6AFA7 /* StringExtensionTests.swift in Sources */,
			);
			runOnlyForDeploymentPostprocessing = 0;
		};
		0D72EC1D1B5CA201001B6659 /* Sources */ = {
			isa = PBXSourcesBuildPhase;
			buildActionMask = 2147483647;
			files = (
				0D72EC3B1B5CA230001B6659 /* HttpResponse.swift in Sources */,
				0D72EC3D1B5CA230001B6659 /* main.swift in Sources */,
				0D72EC401B5CA230001B6659 /* StringExtension.swift in Sources */,
				0DB8C87B1BC1A0A900C02E36 /* TemplateExpressionNode.swift in Sources */,
				0DB8C8791BC1A01700C02E36 /* Template.swift in Sources */,
				0DAEFC481BBF755A001ABDDE /* TemplateTokenizer.swift in Sources */,
				0DABF22D1BEDADF200B09088 /* Server.swift in Sources */,
				0DABF22E1BEDADF200B09088 /* ServerConnection.swift in Sources */,
				0D72EC391B5CA230001B6659 /* HttpConnection.swift in Sources */,
				0DABF22C1BEDADF200B09088 /* Endpoint.swift in Sources */,
				0D04A4EE1BB8557A00818D64 /* FileResponder.swift in Sources */,
				0D1645991BC77B0E0003FACC /* SQLiteDatabase.swift in Sources */,
				0D72EC3C1B5CA230001B6659 /* HttpServer.swift in Sources */,
				0D72EC3A1B5CA230001B6659 /* HttpRequest.swift in Sources */,
				0DB8C8771BC19B3B00C02E36 /* TemplateTextNode.swift in Sources */,
				0D1865BB1BEEE2AF00BF326F /* ContentType.swift in Sources */,
				0D1645941BC770210003FACC /* Database.swift in Sources */,
				0DABF22F1BEDADF200B09088 /* ServerUtil.swift in Sources */,
				0D72EC3F1B5CA230001B6659 /* Settings.swift in Sources */,
				0DABF22B1BEDADF200B09088 /* Address.swift in Sources */,
				0DB8C8731BC1983F00C02E36 /* TemplateParser.swift in Sources */,
				0D0666311BB74D4C00F9C362 /* Responder.swift in Sources */,
				0D9B081C1BC61C9D00D4C87C /* Model.swift in Sources */,
				0D0666331BB74DEF00F9C362 /* ResponderRegistry.swift in Sources */,
				0DB8C8751BC19A9E00C02E36 /* TemplateNode.swift in Sources */,
			);
			runOnlyForDeploymentPostprocessing = 0;
		};
/* End PBXSourcesBuildPhase section */

/* Begin XCBuildConfiguration section */
		0D1028931BBF39E600F6AFA7 /* Debug */ = {
			isa = XCBuildConfiguration;
			buildSettings = {
				COMBINE_HIDPI_IMAGES = YES;
				ENABLE_TESTABILITY = YES;
				LD_RUNPATH_SEARCH_PATHS = "$(inherited) @executable_path/../Frameworks @loader_path/../Frameworks";
				MACOSX_DEPLOYMENT_TARGET = 10.11;
				PRODUCT_BUNDLE_IDENTIFIER = com.joshbeam.SwiftHTTPServerTests;
				PRODUCT_NAME = "$(TARGET_NAME)";
				SWIFT_OBJC_BRIDGING_HEADER = "SwiftHTTPServer/SwiftHTTPServer-Bridging-Header.h";
			};
			name = Debug;
		};
		0D1028941BBF39E600F6AFA7 /* Release */ = {
			isa = XCBuildConfiguration;
			buildSettings = {
				COMBINE_HIDPI_IMAGES = YES;
				LD_RUNPATH_SEARCH_PATHS = "$(inherited) @executable_path/../Frameworks @loader_path/../Frameworks";
				MACOSX_DEPLOYMENT_TARGET = 10.11;
				PRODUCT_BUNDLE_IDENTIFIER = com.joshbeam.SwiftHTTPServerTests;
				PRODUCT_NAME = "$(TARGET_NAME)";
				SWIFT_OBJC_BRIDGING_HEADER = "SwiftHTTPServer/SwiftHTTPServer-Bridging-Header.h";
			};
			name = Release;
		};
		0D72EC261B5CA201001B6659 /* Debug */ = {
			isa = XCBuildConfiguration;
			buildSettings = {
				ALWAYS_SEARCH_USER_PATHS = NO;
				CLANG_CXX_LANGUAGE_STANDARD = "gnu++0x";
				CLANG_CXX_LIBRARY = "libc++";
				CLANG_ENABLE_MODULES = YES;
				CLANG_ENABLE_OBJC_ARC = YES;
				CLANG_WARN_BOOL_CONVERSION = YES;
				CLANG_WARN_CONSTANT_CONVERSION = YES;
				CLANG_WARN_DIRECT_OBJC_ISA_USAGE = YES_ERROR;
				CLANG_WARN_EMPTY_BODY = YES;
				CLANG_WARN_ENUM_CONVERSION = YES;
				CLANG_WARN_INT_CONVERSION = YES;
				CLANG_WARN_OBJC_ROOT_CLASS = YES_ERROR;
				CLANG_WARN_UNREACHABLE_CODE = YES;
				CLANG_WARN__DUPLICATE_METHOD_MATCH = YES;
				COPY_PHASE_STRIP = NO;
				DEBUG_INFORMATION_FORMAT = dwarf;
				ENABLE_STRICT_OBJC_MSGSEND = YES;
				ENABLE_TESTABILITY = YES;
				GCC_C_LANGUAGE_STANDARD = gnu99;
				GCC_DYNAMIC_NO_PIC = NO;
				GCC_NO_COMMON_BLOCKS = YES;
				GCC_OPTIMIZATION_LEVEL = 0;
				GCC_PREPROCESSOR_DEFINITIONS = (
					"DEBUG=1",
					"$(inherited)",
				);
				GCC_SYMBOLS_PRIVATE_EXTERN = NO;
				GCC_WARN_64_TO_32_BIT_CONVERSION = YES;
				GCC_WARN_ABOUT_RETURN_TYPE = YES_ERROR;
				GCC_WARN_UNDECLARED_SELECTOR = YES;
				GCC_WARN_UNINITIALIZED_AUTOS = YES_AGGRESSIVE;
				GCC_WARN_UNUSED_FUNCTION = YES;
				GCC_WARN_UNUSED_VARIABLE = YES;
				MACOSX_DEPLOYMENT_TARGET = 10.10;
				MTL_ENABLE_DEBUG_INFO = YES;
				ONLY_ACTIVE_ARCH = YES;
				SDKROOT = macosx;
				SWIFT_OPTIMIZATION_LEVEL = "-Onone";
			};
			name = Debug;
		};
		0D72EC271B5CA201001B6659 /* Release */ = {
			isa = XCBuildConfiguration;
			buildSettings = {
				ALWAYS_SEARCH_USER_PATHS = NO;
				CLANG_CXX_LANGUAGE_STANDARD = "gnu++0x";
				CLANG_CXX_LIBRARY = "libc++";
				CLANG_ENABLE_MODULES = YES;
				CLANG_ENABLE_OBJC_ARC = YES;
				CLANG_WARN_BOOL_CONVERSION = YES;
				CLANG_WARN_CONSTANT_CONVERSION = YES;
				CLANG_WARN_DIRECT_OBJC_ISA_USAGE = YES_ERROR;
				CLANG_WARN_EMPTY_BODY = YES;
				CLANG_WARN_ENUM_CONVERSION = YES;
				CLANG_WARN_INT_CONVERSION = YES;
				CLANG_WARN_OBJC_ROOT_CLASS = YES_ERROR;
				CLANG_WARN_UNREACHABLE_CODE = YES;
				CLANG_WARN__DUPLICATE_METHOD_MATCH = YES;
				COPY_PHASE_STRIP = NO;
				DEBUG_INFORMATION_FORMAT = "dwarf-with-dsym";
				ENABLE_NS_ASSERTIONS = NO;
				ENABLE_STRICT_OBJC_MSGSEND = YES;
				GCC_C_LANGUAGE_STANDARD = gnu99;
				GCC_NO_COMMON_BLOCKS = YES;
				GCC_WARN_64_TO_32_BIT_CONVERSION = YES;
				GCC_WARN_ABOUT_RETURN_TYPE = YES_ERROR;
				GCC_WARN_UNDECLARED_SELECTOR = YES;
				GCC_WARN_UNINITIALIZED_AUTOS = YES_AGGRESSIVE;
				GCC_WARN_UNUSED_FUNCTION = YES;
				GCC_WARN_UNUSED_VARIABLE = YES;
				MACOSX_DEPLOYMENT_TARGET = 10.10;
				MTL_ENABLE_DEBUG_INFO = NO;
				SDKROOT = macosx;
			};
			name = Release;
		};
		0D72EC291B5CA201001B6659 /* Debug */ = {
			isa = XCBuildConfiguration;
			buildSettings = {
				CLANG_ENABLE_MODULES = YES;
				LD_RUNPATH_SEARCH_PATHS = "$(inherited) @executable_path/../Frameworks @loader_path/../Frameworks";
				PRODUCT_NAME = "$(TARGET_NAME)";
				RESOURCES_PATH = "$(PROJECT_DIR)/Resources";
				SWIFT_OBJC_BRIDGING_HEADER = "SwiftHTTPServer/SwiftHTTPServer-Bridging-Header.h";
				SWIFT_OPTIMIZATION_LEVEL = "-Onone";
				WWW_PATH = "$(PROJECT_DIR)/www";
			};
			name = Debug;
		};
		0D72EC2A1B5CA201001B6659 /* Release */ = {
			isa = XCBuildConfiguration;
			buildSettings = {
				CLANG_ENABLE_MODULES = YES;
				LD_RUNPATH_SEARCH_PATHS = "$(inherited) @executable_path/../Frameworks @loader_path/../Frameworks";
				PRODUCT_NAME = "$(TARGET_NAME)";
				RESOURCES_PATH = "$(PROJECT_DIR)/Resources";
				SWIFT_OBJC_BRIDGING_HEADER = "SwiftHTTPServer/SwiftHTTPServer-Bridging-Header.h";
				WWW_PATH = "$(PROJECT_DIR)/www";
			};
			name = Release;
		};
/* End XCBuildConfiguration section */

/* Begin XCConfigurationList section */
		0D1028921BBF39E600F6AFA7 /* Build configuration list for PBXNativeTarget "SwiftHTTPServerTests" */ = {
			isa = XCConfigurationList;
			buildConfigurations = (
				0D1028931BBF39E600F6AFA7 /* Debug */,
				0D1028941BBF39E600F6AFA7 /* Release */,
			);
			defaultConfigurationIsVisible = 0;
			defaultConfigurationName = Release;
		};
		0D72EC1C1B5CA200001B6659 /* Build configuration list for PBXProject "SwiftHTTPServer" */ = {
			isa = XCConfigurationList;
			buildConfigurations = (
				0D72EC261B5CA201001B6659 /* Debug */,
				0D72EC271B5CA201001B6659 /* Release */,
			);
			defaultConfigurationIsVisible = 0;
			defaultConfigurationName = Release;
		};
		0D72EC281B5CA201001B6659 /* Build configuration list for PBXNativeTarget "SwiftHTTPServer" */ = {
			isa = XCConfigurationList;
			buildConfigurations = (
				0D72EC291B5CA201001B6659 /* Debug */,
				0D72EC2A1B5CA201001B6659 /* Release */,
			);
			defaultConfigurationIsVisible = 0;
			defaultConfigurationName = Release;
		};
/* End XCConfigurationList section */
	};
	rootObject = 0D72EC191B5CA200001B6659 /* Project object */;
}
